
Microsoft Visual Studio Solution File, Format Version 12.00
# Visual Studio Version 17
VisualStudioVersion = 17.6.33815.320
MinimumVisualStudioVersion = 10.0.40219.1
Project("{FAE04EC0-301F-11D3-BF4B-00C04F79EFBC}") = "AgenteJr3", "AgenteJr3.csproj", "{2D3430BD-04E1-467E-B56C-DA9D1776FD84}"
EndProject
Global
	GlobalSection(SolutionConfigurationPlatforms) = preSolution
		Debug|Any CPU = Debug|Any CPU
		Release|Any CPU = Release|Any CPU
	EndGlobalSection
	GlobalSection(ProjectConfigurationPlatforms) = postSolution
		{2D3430BD-04E1-467E-B56C-DA9D1776FD84}.Debug|Any CPU.ActiveCfg = Debug|Any CPU
		{2D3430BD-04E1-467E-B56C-DA9D1776FD84}.Debug|Any CPU.Build.0 = Debug|Any CPU
		{2D3430BD-04E1-467E-B56C-DA9D1776FD84}.Release|Any CPU.ActiveCfg = Release|Any CPU
		{2D3430BD-04E1-467E-B56C-DA9D1776FD84}.Release|Any CPU.Build.0 = Release|Any CPU
	EndGlobalSection
	GlobalSection(SolutionProperties) = preSolution
		HideSolutionNode = FALSE
	EndGlobalSection
	GlobalSection(ExtensibilityGlobals) = postSolution
		SolutionGuid = {CADD7E36-4E3C-4808-9E68-BDBF87EDD87D}
	EndGlobalSection
EndGlobal
